
Microsoft Visual Studio Solution File, Format Version 12.00
# Visual Studio Version 16
VisualStudioVersion = 16.0.30503.244
MinimumVisualStudioVersion = 10.0.40219.1
Project("{FAE04EC0-301F-11D3-BF4B-00C04F79EFBC}") = "SimpleMicroservice", "SimpleMicroservice\SimpleMicroservice.csproj", "{7720B566-F316-4B2C-9F66-EA7859980867}"
EndProject
Global
	GlobalSection(SolutionConfigurationPlatforms) = preSolution
		Debug|Any CPU = Debug|Any CPU
		Release|Any CPU = Release|Any CPU
	EndGlobalSection
	GlobalSection(ProjectConfigurationPlatforms) = postSolution
		{7720B566-F316-4B2C-9F66-EA7859980867}.Debug|Any CPU.ActiveCfg = Debug|Any CPU
		{7720B566-F316-4B2C-9F66-EA7859980867}.Debug|Any CPU.Build.0 = Debug|Any CPU
		{7720B566-F316-4B2C-9F66-EA7859980867}.Release|Any CPU.ActiveCfg = Release|Any CPU
		{7720B566-F316-4B2C-9F66-EA7859980867}.Release|Any CPU.Build.0 = Release|Any CPU
	EndGlobalSection
	GlobalSection(SolutionProperties) = preSolution
		HideSolutionNode = FALSE
	EndGlobalSection
	GlobalSection(ExtensibilityGlobals) = postSolution
		SolutionGuid = {EB4345FF-3C73-4464-8BAE-C3C96597FA3C}
	EndGlobalSection
EndGlobal
